
Microsoft Visual Studio Solution File, Format Version 12.00
# Visual Studio Version 17
VisualStudioVersion = 17.10.35013.160
MinimumVisualStudioVersion = 10.0.40219.1
Project("{FAE04EC0-301F-11D3-BF4B-00C04F79EFBC}") = "CarsMVC", "CarsMVC\CarsMVC.csproj", "{564E036D-4860-4AE5-96DA-52FBD2F4684F}"
EndProject
Global
	GlobalSection(SolutionConfigurationPlatforms) = preSolution
		Debug|Any CPU = Debug|Any CPU
		Release|Any CPU = Release|Any CPU
	EndGlobalSection
	GlobalSection(ProjectConfigurationPlatforms) = postSolution
		{564E036D-4860-4AE5-96DA-52FBD2F4684F}.Debug|Any CPU.ActiveCfg = Debug|Any CPU
		{564E036D-4860-4AE5-96DA-52FBD2F4684F}.Debug|Any CPU.Build.0 = Debug|Any CPU
		{564E036D-4860-4AE5-96DA-52FBD2F4684F}.Release|Any CPU.ActiveCfg = Release|Any CPU
		{564E036D-4860-4AE5-96DA-52FBD2F4684F}.Release|Any CPU.Build.0 = Release|Any CPU
	EndGlobalSection
	GlobalSection(SolutionProperties) = preSolution
		HideSolutionNode = FALSE
	EndGlobalSection
	GlobalSection(ExtensibilityGlobals) = postSolution
		SolutionGuid = {3A06DE1F-C9E2-4B7C-90AB-442F0D2513AE}
	EndGlobalSection
EndGlobal
